
Microsoft Visual Studio Solution File, Format Version 12.00
# Visual Studio 2013
VisualStudioVersion = 12.0.21005.1
MinimumVisualStudioVersion = 10.0.40219.1
Project("{FAE04EC0-301F-11D3-BF4B-00C04F79EFBC}") = "ejercicio26032019", "ejercicio26032019\ejercicio26032019.csproj", "{C1B85B2A-D893-4E62-AB58-DE1E196D8C26}"
EndProject
Project("{FAE04EC0-301F-11D3-BF4B-00C04F79EFBC}") = "Operaciones", "Operaciones\Operaciones.csproj", "{DFB53B37-3A16-4FF5-8506-DF57718A7E26}"
EndProject
Global
	GlobalSection(SolutionConfigurationPlatforms) = preSolution
		Debug|Any CPU = Debug|Any CPU
		Release|Any CPU = Release|Any CPU
	EndGlobalSection
	GlobalSection(ProjectConfigurationPlatforms) = postSolution
		{C1B85B2A-D893-4E62-AB58-DE1E196D8C26}.Debug|Any CPU.ActiveCfg = Debug|Any CPU
		{C1B85B2A-D893-4E62-AB58-DE1E196D8C26}.Debug|Any CPU.Build.0 = Debug|Any CPU
		{C1B85B2A-D893-4E62-AB58-DE1E196D8C26}.Release|Any CPU.ActiveCfg = Release|Any CPU
		{C1B85B2A-D893-4E62-AB58-DE1E196D8C26}.Release|Any CPU.Build.0 = Release|Any CPU
		{DFB53B37-3A16-4FF5-8506-DF57718A7E26}.Debug|Any CPU.ActiveCfg = Debug|Any CPU
		{DFB53B37-3A16-4FF5-8506-DF57718A7E26}.Debug|Any CPU.Build.0 = Debug|Any CPU
		{DFB53B37-3A16-4FF5-8506-DF57718A7E26}.Release|Any CPU.ActiveCfg = Release|Any CPU
		{DFB53B37-3A16-4FF5-8506-DF57718A7E26}.Release|Any CPU.Build.0 = Release|Any CPU
	EndGlobalSection
	GlobalSection(SolutionProperties) = preSolution
		HideSolutionNode = FALSE
	EndGlobalSection
EndGlobal
